// !$*UTF8*$!
{
	archiveVersion = 1;
	classes = {
	};
	objectVersion = 46;
	objects = {

/* Begin PBXBuildFile section */
		8EE034C51C3F9BEE00A27B62 /* NBTagButton.m in Sources */ = {isa = PBXBuildFile; fileRef = 8EE034C41C3F9BEE00A27B62 /* NBTagButton.m */; };
		8EE034CA1C3F9DFB00A27B62 /* tagPlist.json in Resources */ = {isa = PBXBuildFile; fileRef = 8EE034C91C3F9DFB00A27B62 /* tagPlist.json */; };
		8EE034CE1C3F9E7100A27B62 /* NBtpyeModel.m in Sources */ = {isa = PBXBuildFile; fileRef = 8EE034CD1C3F9E7100A27B62 /* NBtpyeModel.m */; };
		8EE034D11C3F9F9F00A27B62 /* NBDataSourceFactory.m in Sources */ = {isa = PBXBuildFile; fileRef = 8EE034D01C3F9F9F00A27B62 /* NBDataSourceFactory.m */; };
		8EE034D41C3FA22100A27B62 /* NBTagView.m in Sources */ = {isa = PBXBuildFile; fileRef = 8EE034D31C3FA22100A27B62 /* NBTagView.m */; };
		8EE034D71C3FA3BA00A27B62 /* NBTagViewController.m in Sources */ = {isa = PBXBuildFile; fileRef = 8EE034D61C3FA3BA00A27B62 /* NBTagViewController.m */; };
		8EE034DA1C3FAC1F00A27B62 /* NBRootTableViewCell.m in Sources */ = {isa = PBXBuildFile; fileRef = 8EE034D91C3FAC1F00A27B62 /* NBRootTableViewCell.m */; };
		8EE340D41C3E3AF700B6FF9F /* main.m in Sources */ = {isa = PBXBuildFile; fileRef = 8EE340D31C3E3AF700B6FF9F /* main.m */; };
		8EE340D71C3E3AF700B6FF9F /* AppDelegate.m in Sources */ = {isa = PBXBuildFile; fileRef = 8EE340D61C3E3AF700B6FF9F /* AppDelegate.m */; };
		8EE340DA1C3E3AF700B6FF9F /* ViewController.m in Sources */ = {isa = PBXBuildFile; fileRef = 8EE340D91C3E3AF700B6FF9F /* ViewController.m */; };
		8EE340DD1C3E3AF700B6FF9F /* Main.storyboard in Resources */ = {isa = PBXBuildFile; fileRef = 8EE340DB1C3E3AF700B6FF9F /* Main.storyboard */; };
		8EE340DF1C3E3AF700B6FF9F /* Assets.xcassets in Resources */ = {isa = PBXBuildFile; fileRef = 8EE340DE1C3E3AF700B6FF9F /* Assets.xcassets */; };
		8EE340E21C3E3AF700B6FF9F /* LaunchScreen.storyboard in Resources */ = {isa = PBXBuildFile; fileRef = 8EE340E01C3E3AF700B6FF9F /* LaunchScreen.storyboard */; };
		8EE340ED1C3E3AF800B6FF9F /* customBtnViewTests.m in Sources */ = {isa = PBXBuildFile; fileRef = 8EE340EC1C3E3AF800B6FF9F /* customBtnViewTests.m */; };
		8EE340F81C3E3AF800B6FF9F /* customBtnViewUITests.m in Sources */ = {isa = PBXBuildFile; fileRef = 8EE340F71C3E3AF800B6FF9F /* customBtnViewUITests.m */; };
		8EE341071C3E3BD400B6FF9F /* UIView+Extension.m in Sources */ = {isa = PBXBuildFile; fileRef = 8EE341061C3E3BD400B6FF9F /* UIView+Extension.m */; };
		8EE3410D1C3E3ED200B6FF9F /* CustomView.m in Sources */ = {isa = PBXBuildFile; fileRef = 8EE3410C1C3E3ED200B6FF9F /* CustomView.m */; };
		8EE341101C3E4B1F00B6FF9F /* ShowCustomViewController.m in Sources */ = {isa = PBXBuildFile; fileRef = 8EE3410F1C3E4B1F00B6FF9F /* ShowCustomViewController.m */; };
		8EE341151C3E556B00B6FF9F /* berlin.jpg in Resources */ = {isa = PBXBuildFile; fileRef = 8EE341121C3E556B00B6FF9F /* berlin.jpg */; };
		8EE341161C3E556B00B6FF9F /* CustomTableViewCell.m in Sources */ = {isa = PBXBuildFile; fileRef = 8EE341141C3E556B00B6FF9F /* CustomTableViewCell.m */; };
/* End PBXBuildFile section */

/* Begin PBXContainerItemProxy section */
		8EE340E91C3E3AF800B6FF9F /* PBXContainerItemProxy */ = {
			isa = PBXContainerItemProxy;
			containerPortal = 8EE340C71C3E3AF700B6FF9F /* Project object */;
			proxyType = 1;
			remoteGlobalIDString = 8EE340CE1C3E3AF700B6FF9F;
			remoteInfo = customBtnView;
		};
		8EE340F41C3E3AF800B6FF9F /* PBXContainerItemProxy */ = {
			isa = PBXContainerItemProxy;
			containerPortal = 8EE340C71C3E3AF700B6FF9F /* Project object */;
			proxyType = 1;
			remoteGlobalIDString = 8EE340CE1C3E3AF700B6FF9F;
			remoteInfo = customBtnView;
		};
/* End PBXContainerItemProxy section */

/* Begin PBXFileReference section */
		8EE034C31C3F9BEE00A27B62 /* NBTagButton.h */ = {isa = PBXFileReference; fileEncoding = 4; lastKnownFileType = sourcecode.c.h; path = NBTagButton.h; sourceTree = "<group>"; };
		8EE034C41C3F9BEE00A27B62 /* NBTagButton.m */ = {isa = PBXFileReference; fileEncoding = 4; lastKnownFileType = sourcecode.c.objc; path = NBTagButton.m; sourceTree = "<group>"; };
		8EE034C91C3F9DFB00A27B62 /* tagPlist.json */ = {isa = PBXFileReference; fileEncoding = 4; lastKnownFileType = text.json; path = tagPlist.json; sourceTree = "<group>"; };
		8EE034CC1C3F9E7100A27B62 /* NBtpyeModel.h */ = {isa = PBXFileReference; fileEncoding = 4; lastKnownFileType = sourcecode.c.h; path = NBtpyeModel.h; sourceTree = "<group>"; };
		8EE034CD1C3F9E7100A27B62 /* NBtpyeModel.m */ = {isa = PBXFileReference; fileEncoding = 4; lastKnownFileType = sourcecode.c.objc; path = NBtpyeModel.m; sourceTree = "<group>"; };
		8EE034CF1C3F9F9F00A27B62 /* NBDataSourceFactory.h */ = {isa = PBXFileReference; fileEncoding = 4; lastKnownFileType = sourcecode.c.h; path = NBDataSourceFactory.h; sourceTree = "<group>"; };
		8EE034D01C3F9F9F00A27B62 /* NBDataSourceFactory.m */ = {isa = PBXFileReference; fileEncoding = 4; lastKnownFileType = sourcecode.c.objc; path = NBDataSourceFactory.m; sourceTree = "<group>"; };
		8EE034D21C3FA22100A27B62 /* NBTagView.h */ = {isa = PBXFileReference; fileEncoding = 4; lastKnownFileType = sourcecode.c.h; path = NBTagView.h; sourceTree = "<group>"; };
		8EE034D31C3FA22100A27B62 /* NBTagView.m */ = {isa = PBXFileReference; fileEncoding = 4; lastKnownFileType = sourcecode.c.objc; path = NBTagView.m; sourceTree = "<group>"; };
		8EE034D51C3FA3BA00A27B62 /* NBTagViewController.h */ = {isa = PBXFileReference; fileEncoding = 4; lastKnownFileType = sourcecode.c.h; path = NBTagViewController.h; sourceTree = "<group>"; };
		8EE034D61C3FA3BA00A27B62 /* NBTagViewController.m */ = {isa = PBXFileReference; fileEncoding = 4; lastKnownFileType = sourcecode.c.objc; path = NBTagViewController.m; sourceTree = "<group>"; };
		8EE034D81C3FAC1F00A27B62 /* NBRootTableViewCell.h */ = {isa = PBXFileReference; fileEncoding = 4; lastKnownFileType = sourcecode.c.h; path = NBRootTableViewCell.h; sourceTree = "<group>"; };
		8EE034D91C3FAC1F00A27B62 /* NBRootTableViewCell.m */ = {isa = PBXFileReference; fileEncoding = 4; lastKnownFileType = sourcecode.c.objc; path = NBRootTableViewCell.m; sourceTree = "<group>"; };
		8EE340CF1C3E3AF700B6FF9F /* CustomBtnView.temp_caseinsensitive_rename.app */ = {isa = PBXFileReference; explicitFileType = wrapper.application; includeInIndex = 0; path = CustomBtnView.temp_caseinsensitive_rename.app; sourceTree = BUILT_PRODUCTS_DIR; };
		8EE340D31C3E3AF700B6FF9F /* main.m */ = {isa = PBXFileReference; lastKnownFileType = sourcecode.c.objc; path = main.m; sourceTree = "<group>"; };
		8EE340D51C3E3AF700B6FF9F /* AppDelegate.h */ = {isa = PBXFileReference; lastKnownFileType = sourcecode.c.h; path = AppDelegate.h; sourceTree = "<group>"; };
		8EE340D61C3E3AF700B6FF9F /* AppDelegate.m */ = {isa = PBXFileReference; lastKnownFileType = sourcecode.c.objc; path = AppDelegate.m; sourceTree = "<group>"; };
		8EE340D81C3E3AF700B6FF9F /* ViewController.h */ = {isa = PBXFileReference; lastKnownFileType = sourcecode.c.h; path = ViewController.h; sourceTree = "<group>"; };
		8EE340D91C3E3AF700B6FF9F /* ViewController.m */ = {isa = PBXFileReference; lastKnownFileType = sourcecode.c.objc; path = ViewController.m; sourceTree = "<group>"; };
		8EE340DC1C3E3AF700B6FF9F /* Base */ = {isa = PBXFileReference; lastKnownFileType = file.storyboard; name = Base; path = Base.lproj/Main.storyboard; sourceTree = "<group>"; };
		8EE340DE1C3E3AF700B6FF9F /* Assets.xcassets */ = {isa = PBXFileReference; lastKnownFileType = folder.assetcatalog; path = Assets.xcassets; sourceTree = "<group>"; };
		8EE340E11C3E3AF700B6FF9F /* Base */ = {isa = PBXFileReference; lastKnownFileType = file.storyboard; name = Base; path = Base.lproj/LaunchScreen.storyboard; sourceTree = "<group>"; };
		8EE340E31C3E3AF700B6FF9F /* Info.plist */ = {isa = PBXFileReference; lastKnownFileType = text.plist.xml; path = Info.plist; sourceTree = "<group>"; };
		8EE340E81C3E3AF800B6FF9F /* CustomBtnView.temp_caseinsensitive_rename.xctest */ = {isa = PBXFileReference; explicitFileType = wrapper.cfbundle; includeInIndex = 0; path = CustomBtnView.temp_caseinsensitive_rename.xctest; sourceTree = BUILT_PRODUCTS_DIR; };
		8EE340EC1C3E3AF800B6FF9F /* customBtnViewTests.m */ = {isa = PBXFileReference; lastKnownFileType = sourcecode.c.objc; path = customBtnViewTests.m; sourceTree = "<group>"; };
		8EE340EE1C3E3AF800B6FF9F /* Info.plist */ = {isa = PBXFileReference; lastKnownFileType = text.plist.xml; path = Info.plist; sourceTree = "<group>"; };
		8EE340F31C3E3AF800B6FF9F /* CustomBtnView.temp_caseinsensitive_rename.xctest */ = {isa = PBXFileReference; explicitFileType = wrapper.cfbundle; includeInIndex = 0; path = CustomBtnView.temp_caseinsensitive_rename.xctest; sourceTree = BUILT_PRODUCTS_DIR; };
		8EE340F71C3E3AF800B6FF9F /* customBtnViewUITests.m */ = {isa = PBXFileReference; lastKnownFileType = sourcecode.c.objc; path = customBtnViewUITests.m; sourceTree = "<group>"; };
		8EE340F91C3E3AF800B6FF9F /* Info.plist */ = {isa = PBXFileReference; lastKnownFileType = text.plist.xml; path = Info.plist; sourceTree = "<group>"; };
		8EE341051C3E3BD400B6FF9F /* UIView+Extension.h */ = {isa = PBXFileReference; fileEncoding = 4; lastKnownFileType = sourcecode.c.h; name = "UIView+Extension.h"; path = "customBtnView/UIView+Extension.h"; sourceTree = "<group>"; };
		8EE341061C3E3BD400B6FF9F /* UIView+Extension.m */ = {isa = PBXFileReference; fileEncoding = 4; lastKnownFileType = sourcecode.c.objc; name = "UIView+Extension.m"; path = "customBtnView/UIView+Extension.m"; sourceTree = "<group>"; };
		8EE341091C3E3D3F00B6FF9F /* PrefixHeader.pch */ = {isa = PBXFileReference; lastKnownFileType = sourcecode.c.h; path = PrefixHeader.pch; sourceTree = "<group>"; };
		8EE3410B1C3E3ED200B6FF9F /* CustomView.h */ = {isa = PBXFileReference; fileEncoding = 4; lastKnownFileType = sourcecode.c.h; path = CustomView.h; sourceTree = "<group>"; };
		8EE3410C1C3E3ED200B6FF9F /* CustomView.m */ = {isa = PBXFileReference; fileEncoding = 4; lastKnownFileType = sourcecode.c.objc; path = CustomView.m; sourceTree = "<group>"; };
		8EE3410E1C3E4B1F00B6FF9F /* ShowCustomViewController.h */ = {isa = PBXFileReference; fileEncoding = 4; lastKnownFileType = sourcecode.c.h; path = ShowCustomViewController.h; sourceTree = "<group>"; };
		8EE3410F1C3E4B1F00B6FF9F /* ShowCustomViewController.m */ = {isa = PBXFileReference; fileEncoding = 4; lastKnownFileType = sourcecode.c.objc; path = ShowCustomViewController.m; sourceTree = "<group>"; };
		8EE341121C3E556B00B6FF9F /* berlin.jpg */ = {isa = PBXFileReference; lastKnownFileType = image.jpeg; path = berlin.jpg; sourceTree = "<group>"; };
		8EE341131C3E556B00B6FF9F /* CustomTableViewCell.h */ = {isa = PBXFileReference; fileEncoding = 4; lastKnownFileType = sourcecode.c.h; path = CustomTableViewCell.h; sourceTree = "<group>"; };
		8EE341141C3E556B00B6FF9F /* CustomTableViewCell.m */ = {isa = PBXFileReference; fileEncoding = 4; lastKnownFileType = sourcecode.c.objc; path = CustomTableViewCell.m; sourceTree = "<group>"; };
/* End PBXFileReference section */

/* Begin PBXFrameworksBuildPhase section */
		8EE340CC1C3E3AF700B6FF9F /* Frameworks */ = {
			isa = PBXFrameworksBuildPhase;
			buildActionMask = 2147483647;
			files = (
			);
			runOnlyForDeploymentPostprocessing = 0;
		};
		8EE340E51C3E3AF800B6FF9F /* Frameworks */ = {
			isa = PBXFrameworksBuildPhase;
			buildActionMask = 2147483647;
			files = (
			);
			runOnlyForDeploymentPostprocessing = 0;
		};
		8EE340F01C3E3AF800B6FF9F /* Frameworks */ = {
			isa = PBXFrameworksBuildPhase;
			buildActionMask = 2147483647;
			files = (
			);
			runOnlyForDeploymentPostprocessing = 0;
		};
/* End PBXFrameworksBuildPhase section */

/* Begin PBXGroup section */
		8EE034C21C3F9AAC00A27B62 /* NBTagView */ = {
			isa = PBXGroup;
			children = (
				8EE034D21C3FA22100A27B62 /* NBTagView.h */,
				8EE034D31C3FA22100A27B62 /* NBTagView.m */,
				8EE034C31C3F9BEE00A27B62 /* NBTagButton.h */,
				8EE034C41C3F9BEE00A27B62 /* NBTagButton.m */,
				8EE034D81C3FAC1F00A27B62 /* NBRootTableViewCell.h */,
				8EE034D91C3FAC1F00A27B62 /* NBRootTableViewCell.m */,
			);
			name = NBTagView;
			sourceTree = "<group>";
		};
		8EE034CB1C3F9E0F00A27B62 /* Model */ = {
			isa = PBXGroup;
			children = (
				8EE034C91C3F9DFB00A27B62 /* tagPlist.json */,
				8EE034CC1C3F9E7100A27B62 /* NBtpyeModel.h */,
				8EE034CD1C3F9E7100A27B62 /* NBtpyeModel.m */,
				8EE034CF1C3F9F9F00A27B62 /* NBDataSourceFactory.h */,
				8EE034D01C3F9F9F00A27B62 /* NBDataSourceFactory.m */,
			);
			name = Model;
			sourceTree = "<group>";
		};
		8EE340C61C3E3AF700B6FF9F = {
			isa = PBXGroup;
			children = (
				8EE341111C3E556B00B6FF9F /* CustomCell */,
				8EE034CB1C3F9E0F00A27B62 /* Model */,
				8EE034C21C3F9AAC00A27B62 /* NBTagView */,
				8EE3410A1C3E3E6900B6FF9F /* CustomView */,
				8EE341081C3E3C2600B6FF9F /* Category */,
				8EE340D11C3E3AF700B6FF9F /* customBtnView */,
				8EE340EB1C3E3AF800B6FF9F /* customBtnViewTests */,
				8EE340F61C3E3AF800B6FF9F /* customBtnViewUITests */,
				8EE340D01C3E3AF700B6FF9F /* Products */,
			);
			sourceTree = "<group>";
		};
		8EE340D01C3E3AF700B6FF9F /* Products */ = {
			isa = PBXGroup;
			children = (
				8EE340CF1C3E3AF700B6FF9F /* CustomBtnView.temp_caseinsensitive_rename.app */,
				8EE340E81C3E3AF800B6FF9F /* CustomBtnView.temp_caseinsensitive_rename.xctest */,
				8EE340F31C3E3AF800B6FF9F /* CustomBtnView.temp_caseinsensitive_rename.xctest */,
			);
			name = Products;
			sourceTree = "<group>";
		};
		8EE340D11C3E3AF700B6FF9F /* customBtnView */ = {
			isa = PBXGroup;
			children = (
				8EE340D51C3E3AF700B6FF9F /* AppDelegate.h */,
				8EE340D61C3E3AF700B6FF9F /* AppDelegate.m */,
				8EE340D81C3E3AF700B6FF9F /* ViewController.h */,
				8EE340D91C3E3AF700B6FF9F /* ViewController.m */,
				8EE3410E1C3E4B1F00B6FF9F /* ShowCustomViewController.h */,
				8EE3410F1C3E4B1F00B6FF9F /* ShowCustomViewController.m */,
				8EE034D51C3FA3BA00A27B62 /* NBTagViewController.h */,
				8EE034D61C3FA3BA00A27B62 /* NBTagViewController.m */,
				8EE340DB1C3E3AF700B6FF9F /* Main.storyboard */,
				8EE340DE1C3E3AF700B6FF9F /* Assets.xcassets */,
				8EE340E01C3E3AF700B6FF9F /* LaunchScreen.storyboard */,
				8EE341091C3E3D3F00B6FF9F /* PrefixHeader.pch */,
				8EE340E31C3E3AF700B6FF9F /* Info.plist */,
				8EE340D21C3E3AF700B6FF9F /* Supporting Files */,
			);
			path = customBtnView;
			sourceTree = "<group>";
		};
		8EE340D21C3E3AF700B6FF9F /* Supporting Files */ = {
			isa = PBXGroup;
			children = (
				8EE340D31C3E3AF700B6FF9F /* main.m */,
			);
			name = "Supporting Files";
			sourceTree = "<group>";
		};
		8EE340EB1C3E3AF800B6FF9F /* customBtnViewTests */ = {
			isa = PBXGroup;
			children = (
				8EE340EC1C3E3AF800B6FF9F /* customBtnViewTests.m */,
				8EE340EE1C3E3AF800B6FF9F /* Info.plist */,
			);
			path = customBtnViewTests;
			sourceTree = "<group>";
		};
		8EE340F61C3E3AF800B6FF9F /* customBtnViewUITests */ = {
			isa = PBXGroup;
			children = (
				8EE340F71C3E3AF800B6FF9F /* customBtnViewUITests.m */,
				8EE340F91C3E3AF800B6FF9F /* Info.plist */,
			);
			path = customBtnViewUITests;
			sourceTree = "<group>";
		};
		8EE341081C3E3C2600B6FF9F /* Category */ = {
			isa = PBXGroup;
			children = (
				8EE341051C3E3BD400B6FF9F /* UIView+Extension.h */,
				8EE341061C3E3BD400B6FF9F /* UIView+Extension.m */,
			);
			name = Category;
			sourceTree = "<group>";
		};
		8EE3410A1C3E3E6900B6FF9F /* CustomView */ = {
			isa = PBXGroup;
			children = (
				8EE3410B1C3E3ED200B6FF9F /* CustomView.h */,
				8EE3410C1C3E3ED200B6FF9F /* CustomView.m */,
			);
			name = CustomView;
			sourceTree = "<group>";
		};
		8EE341111C3E556B00B6FF9F /* CustomCell */ = {
			isa = PBXGroup;
			children = (
				8EE341121C3E556B00B6FF9F /* berlin.jpg */,
				8EE341131C3E556B00B6FF9F /* CustomTableViewCell.h */,
				8EE341141C3E556B00B6FF9F /* CustomTableViewCell.m */,
			);
			path = CustomCell;
			sourceTree = "<group>";
		};
/* End PBXGroup section */

/* Begin PBXNativeTarget section */
		8EE340CE1C3E3AF700B6FF9F /* customBtnView */ = {
			isa = PBXNativeTarget;
			buildConfigurationList = 8EE340FC1C3E3AF800B6FF9F /* Build configuration list for PBXNativeTarget "customBtnView" */;
			buildPhases = (
				8EE340CB1C3E3AF700B6FF9F /* Sources */,
				8EE340CC1C3E3AF700B6FF9F /* Frameworks */,
				8EE340CD1C3E3AF700B6FF9F /* Resources */,
			);
			buildRules = (
			);
			dependencies = (
			);
			name = customBtnView;
			productName = customBtnView;
			productReference = 8EE340CF1C3E3AF700B6FF9F /* CustomBtnView.temp_caseinsensitive_rename.app */;
			productType = "com.apple.product-type.application";
		};
		8EE340E71C3E3AF800B6FF9F /* customBtnViewTests */ = {
			isa = PBXNativeTarget;
			buildConfigurationList = 8EE340FF1C3E3AF800B6FF9F /* Build configuration list for PBXNativeTarget "customBtnViewTests" */;
			buildPhases = (
				8EE340E41C3E3AF800B6FF9F /* Sources */,
				8EE340E51C3E3AF800B6FF9F /* Frameworks */,
				8EE340E61C3E3AF800B6FF9F /* Resources */,
			);
			buildRules = (
			);
			dependencies = (
				8EE340EA1C3E3AF800B6FF9F /* PBXTargetDependency */,
			);
			name = customBtnViewTests;
			productName = customBtnViewTests;
			productReference = 8EE340E81C3E3AF800B6FF9F /* CustomBtnView.temp_caseinsensitive_rename.xctest */;
			productType = "com.apple.product-type.bundle.unit-test";
		};
		8EE340F21C3E3AF800B6FF9F /* customBtnViewUITests */ = {
			isa = PBXNativeTarget;
			buildConfigurationList = 8EE341021C3E3AF800B6FF9F /* Build configuration list for PBXNativeTarget "customBtnViewUITests" */;
			buildPhases = (
				8EE340EF1C3E3AF800B6FF9F /* Sources */,
				8EE340F01C3E3AF800B6FF9F /* Frameworks */,
				8EE340F11C3E3AF800B6FF9F /* Resources */,
			);
			buildRules = (
			);
			dependencies = (
				8EE340F51C3E3AF800B6FF9F /* PBXTargetDependency */,
			);
			name = customBtnViewUITests;
			productName = customBtnViewUITests;
			productReference = 8EE340F31C3E3AF800B6FF9F /* CustomBtnView.temp_caseinsensitive_rename.xctest */;
			productType = "com.apple.product-type.bundle.ui-testing";
		};
/* End PBXNativeTarget section */

/* Begin PBXProject section */
		8EE340C71C3E3AF700B6FF9F /* Project object */ = {
			isa = PBXProject;
			attributes = {
				LastUpgradeCheck = 0710;
				ORGANIZATIONNAME = sincere;
				TargetAttributes = {
					8EE340CE1C3E3AF700B6FF9F = {
						CreatedOnToolsVersion = 7.1;
					};
					8EE340E71C3E3AF800B6FF9F = {
						CreatedOnToolsVersion = 7.1;
						TestTargetID = 8EE340CE1C3E3AF700B6FF9F;
					};
					8EE340F21C3E3AF800B6FF9F = {
						CreatedOnToolsVersion = 7.1;
						TestTargetID = 8EE340CE1C3E3AF700B6FF9F;
					};
				};
			};
			buildConfigurationList = 8EE340CA1C3E3AF700B6FF9F /* Build configuration list for PBXProject "CustomBtnView" */;
			compatibilityVersion = "Xcode 3.2";
			developmentRegion = English;
			hasScannedForEncodings = 0;
			knownRegions = (
				en,
				Base,
			);
			mainGroup = 8EE340C61C3E3AF700B6FF9F;
			productRefGroup = 8EE340D01C3E3AF700B6FF9F /* Products */;
			projectDirPath = "";
			projectRoot = "";
			targets = (
				8EE340CE1C3E3AF700B6FF9F /* customBtnView */,
				8EE340E71C3E3AF800B6FF9F /* customBtnViewTests */,
				8EE340F21C3E3AF800B6FF9F /* customBtnViewUITests */,
			);
		};
/* End PBXProject section */

/* Begin PBXResourcesBuildPhase section */
		8EE340CD1C3E3AF700B6FF9F /* Resources */ = {
			isa = PBXResourcesBuildPhase;
			buildActionMask = 2147483647;
			files = (
				8EE034CA1C3F9DFB00A27B62 /* tagPlist.json in Resources */,
				8EE340E21C3E3AF700B6FF9F /* LaunchScreen.storyboard in Resources */,
				8EE341151C3E556B00B6FF9F /* berlin.jpg in Resources */,
				8EE340DF1C3E3AF700B6FF9F /* Assets.xcassets in Resources */,
				8EE340DD1C3E3AF700B6FF9F /* Main.storyboard in Resources */,
			);
			runOnlyForDeploymentPostprocessing = 0;
		};
		8EE340E61C3E3AF800B6FF9F /* Resources */ = {
			isa = PBXResourcesBuildPhase;
			buildActionMask = 2147483647;
			files = (
			);
			runOnlyForDeploymentPostprocessing = 0;
		};
		8EE340F11C3E3AF800B6FF9F /* Resources */ = {
			isa = PBXResourcesBuildPhase;
			buildActionMask = 2147483647;
			files = (
			);
			runOnlyForDeploymentPostprocessing = 0;
		};
/* End PBXResourcesBuildPhase section */

/* Begin PBXSourcesBuildPhase section */
		8EE340CB1C3E3AF700B6FF9F /* Sources */ = {
			isa = PBXSourcesBuildPhase;
			buildActionMask = 2147483647;
			files = (
				8EE034C51C3F9BEE00A27B62 /* NBTagButton.m in Sources */,
				8EE034D41C3FA22100A27B62 /* NBTagView.m in Sources */,
				8EE341101C3E4B1F00B6FF9F /* ShowCustomViewController.m in Sources */,
				8EE034CE1C3F9E7100A27B62 /* NBtpyeModel.m in Sources */,
				8EE341161C3E556B00B6FF9F /* CustomTableViewCell.m in Sources */,
				8EE3410D1C3E3ED200B6FF9F /* CustomView.m in Sources */,
				8EE340DA1C3E3AF700B6FF9F /* ViewController.m in Sources */,
				8EE034D71C3FA3BA00A27B62 /* NBTagViewController.m in Sources */,
				8EE340D71C3E3AF700B6FF9F /* AppDelegate.m in Sources */,
				8EE034D11C3F9F9F00A27B62 /* NBDataSourceFactory.m in Sources */,
				8EE341071C3E3BD400B6FF9F /* UIView+Extension.m in Sources */,
				8EE340D41C3E3AF700B6FF9F /* main.m in Sources */,
				8EE034DA1C3FAC1F00A27B62 /* NBRootTableViewCell.m in Sources */,
			);
			runOnlyForDeploymentPostprocessing = 0;
		};
		8EE340E41C3E3AF800B6FF9F /* Sources */ = {
			isa = PBXSourcesBuildPhase;
			buildActionMask = 2147483647;
			files = (
				8EE340ED1C3E3AF800B6FF9F /* customBtnViewTests.m in Sources */,
			);
			runOnlyForDeploymentPostprocessing = 0;
		};
		8EE340EF1C3E3AF800B6FF9F /* Sources */ = {
			isa = PBXSourcesBuildPhase;
			buildActionMask = 2147483647;
			files = (
				8EE340F81C3E3AF800B6FF9F /* customBtnViewUITests.m in Sources */,
			);
			runOnlyForDeploymentPostprocessing = 0;
		};
/* End PBXSourcesBuildPhase section */

/* Begin PBXTargetDependency section */
		8EE340EA1C3E3AF800B6FF9F /* PBXTargetDependency */ = {
			isa = PBXTargetDependency;
			target = 8EE340CE1C3E3AF700B6FF9F /* customBtnView */;
			targetProxy = 8EE340E91C3E3AF800B6FF9F /* PBXContainerItemProxy */;
		};
		8EE340F51C3E3AF800B6FF9F /* PBXTargetDependency */ = {
			isa = PBXTargetDependency;
			target = 8EE340CE1C3E3AF700B6FF9F /* customBtnView */;
			targetProxy = 8EE340F41C3E3AF800B6FF9F /* PBXContainerItemProxy */;
		};
/* End PBXTargetDependency section */

/* Begin PBXVariantGroup section */
		8EE340DB1C3E3AF700B6FF9F /* Main.storyboard */ = {
			isa = PBXVariantGroup;
			children = (
				8EE340DC1C3E3AF700B6FF9F /* Base */,
			);
			name = Main.storyboard;
			sourceTree = "<group>";
		};
		8EE340E01C3E3AF700B6FF9F /* LaunchScreen.storyboard */ = {
			isa = PBXVariantGroup;
			children = (
				8EE340E11C3E3AF700B6FF9F /* Base */,
			);
			name = LaunchScreen.storyboard;
			sourceTree = "<group>";
		};
/* End PBXVariantGroup section */

/* Begin XCBuildConfiguration section */
		8EE340FA1C3E3AF800B6FF9F /* Debug */ = {
			isa = XCBuildConfiguration;
			buildSettings = {
				ALWAYS_SEARCH_USER_PATHS = NO;
				CLANG_CXX_LANGUAGE_STANDARD = "gnu++0x";
				CLANG_CXX_LIBRARY = "libc++";
				CLANG_ENABLE_MODULES = YES;
				CLANG_ENABLE_OBJC_ARC = YES;
				CLANG_WARN_BOOL_CONVERSION = YES;
				CLANG_WARN_CONSTANT_CONVERSION = YES;
				CLANG_WARN_DIRECT_OBJC_ISA_USAGE = YES_ERROR;
				CLANG_WARN_EMPTY_BODY = YES;
				CLANG_WARN_ENUM_CONVERSION = YES;
				CLANG_WARN_INT_CONVERSION = YES;
				CLANG_WARN_OBJC_ROOT_CLASS = YES_ERROR;
				CLANG_WARN_UNREACHABLE_CODE = YES;
				CLANG_WARN__DUPLICATE_METHOD_MATCH = YES;
				"CODE_SIGN_IDENTITY[sdk=iphoneos*]" = "iPhone Developer";
				COPY_PHASE_STRIP = NO;
				DEBUG_INFORMATION_FORMAT = dwarf;
				ENABLE_STRICT_OBJC_MSGSEND = YES;
				ENABLE_TESTABILITY = YES;
				GCC_C_LANGUAGE_STANDARD = gnu99;
				GCC_DYNAMIC_NO_PIC = NO;
				GCC_NO_COMMON_BLOCKS = YES;
				GCC_OPTIMIZATION_LEVEL = 0;
				GCC_PREPROCESSOR_DEFINITIONS = (
					"DEBUG=1",
					"$(inherited)",
				);
				GCC_WARN_64_TO_32_BIT_CONVERSION = YES;
				GCC_WARN_ABOUT_RETURN_TYPE = YES_ERROR;
				GCC_WARN_UNDECLARED_SELECTOR = YES;
				GCC_WARN_UNINITIALIZED_AUTOS = YES_AGGRESSIVE;
				GCC_WARN_UNUSED_FUNCTION = YES;
				GCC_WARN_UNUSED_VARIABLE = YES;
				IPHONEOS_DEPLOYMENT_TARGET = 9.1;
				MTL_ENABLE_DEBUG_INFO = YES;
				ONLY_ACTIVE_ARCH = YES;
				SDKROOT = iphoneos;
				TARGETED_DEVICE_FAMILY = "1,2";
			};
			name = Debug;
		};
		8EE340FB1C3E3AF800B6FF9F /* Release */ = {
			isa = XCBuildConfiguration;
			buildSettings = {
				ALWAYS_SEARCH_USER_PATHS = NO;
				CLANG_CXX_LANGUAGE_STANDARD = "gnu++0x";
				CLANG_CXX_LIBRARY = "libc++";
				CLANG_ENABLE_MODULES = YES;
				CLANG_ENABLE_OBJC_ARC = YES;
				CLANG_WARN_BOOL_CONVERSION = YES;
				CLANG_WARN_CONSTANT_CONVERSION = YES;
				CLANG_WARN_DIRECT_OBJC_ISA_USAGE = YES_ERROR;
				CLANG_WARN_EMPTY_BODY = YES;
				CLANG_WARN_ENUM_CONVERSION = YES;
				CLANG_WARN_INT_CONVERSION = YES;
				CLANG_WARN_OBJC_ROOT_CLASS = YES_ERROR;
				CLANG_WARN_UNREACHABLE_CODE = YES;
				CLANG_WARN__DUPLICATE_METHOD_MATCH = YES;
				"CODE_SIGN_IDENTITY[sdk=iphoneos*]" = "iPhone Developer";
				COPY_PHASE_STRIP = NO;
				DEBUG_INFORMATION_FORMAT = "dwarf-with-dsym";
				ENABLE_NS_ASSERTIONS = NO;
				ENABLE_STRICT_OBJC_MSGSEND = YES;
				GCC_C_LANGUAGE_STANDARD = gnu99;
				GCC_NO_COMMON_BLOCKS = YES;
				GCC_WARN_64_TO_32_BIT_CONVERSION = YES;
				GCC_WARN_ABOUT_RETURN_TYPE = YES_ERROR;
				GCC_WARN_UNDECLARED_SELECTOR = YES;
				GCC_WARN_UNINITIALIZED_AUTOS = YES_AGGRESSIVE;
				GCC_WARN_UNUSED_FUNCTION = YES;
				GCC_WARN_UNUSED_VARIABLE = YES;
				IPHONEOS_DEPLOYMENT_TARGET = 9.1;
				MTL_ENABLE_DEBUG_INFO = NO;
				SDKROOT = iphoneos;
				TARGETED_DEVICE_FAMILY = "1,2";
				VALIDATE_PRODUCT = YES;
			};
			name = Release;
		};
		8EE340FD1C3E3AF800B6FF9F /* Debug */ = {
			isa = XCBuildConfiguration;
			buildSettings = {
				ASSETCATALOG_COMPILER_APPICON_NAME = AppIcon;
				GCC_PRECOMPILE_PREFIX_HEADER = YES;
				GCC_PREFIX_HEADER = customBtnView/PrefixHeader.pch;
				INFOPLIST_FILE = customBtnView/Info.plist;
				LD_RUNPATH_SEARCH_PATHS = "$(inherited) @executable_path/Frameworks";
				PRODUCT_BUNDLE_IDENTIFIER = com.cofortune.www.customBtnView;
				PRODUCT_NAME = CustomBtnView.temp_caseinsensitive_rename;
			};
			name = Debug;
		};
		8EE340FE1C3E3AF800B6FF9F /* Release */ = {
			isa = XCBuildConfiguration;
			buildSettings = {
				ASSETCATALOG_COMPILER_APPICON_NAME = AppIcon;
				GCC_PRECOMPILE_PREFIX_HEADER = YES;
				GCC_PREFIX_HEADER = customBtnView/PrefixHeader.pch;
				INFOPLIST_FILE = customBtnView/Info.plist;
				LD_RUNPATH_SEARCH_PATHS = "$(inherited) @executable_path/Frameworks";
				PRODUCT_BUNDLE_IDENTIFIER = com.cofortune.www.customBtnView;
				PRODUCT_NAME = CustomBtnView.temp_caseinsensitive_rename;
			};
			name = Release;
		};
		8EE341001C3E3AF800B6FF9F /* Debug */ = {
			isa = XCBuildConfiguration;
			buildSettings = {
				BUNDLE_LOADER = "$(TEST_HOST)";
				INFOPLIST_FILE = customBtnViewTests/Info.plist;
				LD_RUNPATH_SEARCH_PATHS = "$(inherited) @executable_path/Frameworks @loader_path/Frameworks";
				PRODUCT_BUNDLE_IDENTIFIER = com.cofortune.www.customBtnViewTests;
				PRODUCT_NAME = CustomBtnView.temp_caseinsensitive_rename;
				TEST_HOST = "$(BUILT_PRODUCTS_DIR)/CustomBtnView.temp_caseinsensitive_rename.app/CustomBtnView.temp_caseinsensitive_rename";
			};
			name = Debug;
		};
		8EE341011C3E3AF800B6FF9F /* Release */ = {
			isa = XCBuildConfiguration;
			buildSettings = {
				BUNDLE_LOADER = "$(TEST_HOST)";
				INFOPLIST_FILE = customBtnViewTests/Info.plist;
				LD_RUNPATH_SEARCH_PATHS = "$(inherited) @executable_path/Frameworks @loader_path/Frameworks";
				PRODUCT_BUNDLE_IDENTIFIER = com.cofortune.www.customBtnViewTests;
				PRODUCT_NAME = CustomBtnView.temp_caseinsensitive_rename;
				TEST_HOST = "$(BUILT_PRODUCTS_DIR)/CustomBtnView.temp_caseinsensitive_rename.app/CustomBtnView.temp_caseinsensitive_rename";
			};
			name = Release;
		};
		8EE341031C3E3AF800B6FF9F /* Debug */ = {
			isa = XCBuildConfiguration;
			buildSettings = {
				INFOPLIST_FILE = customBtnViewUITests/Info.plist;
				LD_RUNPATH_SEARCH_PATHS = "$(inherited) @executable_path/Frameworks @loader_path/Frameworks";
				PRODUCT_BUNDLE_IDENTIFIER = com.cofortune.www.customBtnViewUITests;
				PRODUCT_NAME = CustomBtnView.temp_caseinsensitive_rename;
				TEST_TARGET_NAME = customBtnView;
				USES_XCTRUNNER = YES;
			};
			name = Debug;
		};
		8EE341041C3E3AF800B6FF9F /* Release */ = {
			isa = XCBuildConfiguration;
			buildSettings = {
				INFOPLIST_FILE = customBtnViewUITests/Info.plist;
				LD_RUNPATH_SEARCH_PATHS = "$(inherited) @executable_path/Frameworks @loader_path/Frameworks";
				PRODUCT_BUNDLE_IDENTIFIER = com.cofortune.www.customBtnViewUITests;
				PRODUCT_NAME = CustomBtnView.temp_caseinsensitive_rename;
				TEST_TARGET_NAME = customBtnView;
				USES_XCTRUNNER = YES;
			};
			name = Release;
		};
/* End XCBuildConfiguration section */

/* Begin XCConfigurationList section */
		8EE340CA1C3E3AF700B6FF9F /* Build configuration list for PBXProject "CustomBtnView" */ = {
			isa = XCConfigurationList;
			buildConfigurations = (
				8EE340FA1C3E3AF800B6FF9F /* Debug */,
				8EE340FB1C3E3AF800B6FF9F /* Release */,
			);
			defaultConfigurationIsVisible = 0;
			defaultConfigurationName = Release;
		};
		8EE340FC1C3E3AF800B6FF9F /* Build configuration list for PBXNativeTarget "customBtnView" */ = {
			isa = XCConfigurationList;
			buildConfigurations = (
				8EE340FD1C3E3AF800B6FF9F /* Debug */,
				8EE340FE1C3E3AF800B6FF9F /* Release */,
			);
			defaultConfigurationIsVisible = 0;
			defaultConfigurationName = Release;
		};
		8EE340FF1C3E3AF800B6FF9F /* Build configuration list for PBXNativeTarget "customBtnViewTests" */ = {
			isa = XCConfigurationList;
			buildConfigurations = (
				8EE341001C3E3AF800B6FF9F /* Debug */,
				8EE341011C3E3AF800B6FF9F /* Release */,
			);
			defaultConfigurationIsVisible = 0;
			defaultConfigurationName = Release;
		};
		8EE341021C3E3AF800B6FF9F /* Build configuration list for PBXNativeTarget "customBtnViewUITests" */ = {
			isa = XCConfigurationList;
			buildConfigurations = (
				8EE341031C3E3AF800B6FF9F /* Debug */,
				8EE341041C3E3AF800B6FF9F /* Release */,
			);
			defaultConfigurationIsVisible = 0;
			defaultConfigurationName = Release;
		};
/* End XCConfigurationList section */
	};
	rootObject = 8EE340C71C3E3AF700B6FF9F /* Project object */;
}
